
Microsoft Visual Studio Solution File, Format Version 12.00
# Visual Studio Version 16
VisualStudioVersion = 16.0.32228.343
MinimumVisualStudioVersion = 10.0.40219.1
Project("{9A19103F-16F7-4668-BE54-9A1E7A4F7556}") = "CursoCsharp", "CursoCsharp\CursoCsharp.csproj", "{DAAA375F-B2D5-42F8-86FC-3C854680EC54}"
EndProject
Project("{9A19103F-16F7-4668-BE54-9A1E7A4F7556}") = "CsharpCondicionales", "CsharpCondicionales\CsharpCondicionales.csproj", "{8C258A85-A392-45EE-B16E-2E49CF8A1347}"
EndProject
Project("{9A19103F-16F7-4668-BE54-9A1E7A4F7556}") = "Csharpciclos", "Csharpciclos\Csharpciclos.csproj", "{F5B9649C-67F9-43D8-89EE-BE40791A4CEE}"
EndProject
Project("{FAE04EC0-301F-11D3-BF4B-00C04F79EFBC}") = "Exceptions", "Exceptions\Exceptions.csproj", "{ED632DDE-9F77-464C-8DAD-FC156A681B2F}"
EndProject
Project("{FAE04EC0-301F-11D3-BF4B-00C04F79EFBC}") = "CsharpColecciones", "CsharpColecciones\CsharpColecciones.csproj", "{97683AF6-B803-46C6-B6DC-24B9DB59BD94}"
EndProject
Project("{FAE04EC0-301F-11D3-BF4B-00C04F79EFBC}") = "CsharpSocialNetworkManager", "CsharpSocialNetworkManager\CsharpSocialNetworkManager.csproj", "{338715C1-94E4-42E4-990E-76BEC459B46C}"
EndProject
Global
	GlobalSection(SolutionConfigurationPlatforms) = preSolution
		Debug|Any CPU = Debug|Any CPU
		Release|Any CPU = Release|Any CPU
	EndGlobalSection
	GlobalSection(ProjectConfigurationPlatforms) = postSolution
		{DAAA375F-B2D5-42F8-86FC-3C854680EC54}.Debug|Any CPU.ActiveCfg = Debug|Any CPU
		{DAAA375F-B2D5-42F8-86FC-3C854680EC54}.Debug|Any CPU.Build.0 = Debug|Any CPU
		{DAAA375F-B2D5-42F8-86FC-3C854680EC54}.Release|Any CPU.ActiveCfg = Release|Any CPU
		{DAAA375F-B2D5-42F8-86FC-3C854680EC54}.Release|Any CPU.Build.0 = Release|Any CPU
		{8C258A85-A392-45EE-B16E-2E49CF8A1347}.Debug|Any CPU.ActiveCfg = Debug|Any CPU
		{8C258A85-A392-45EE-B16E-2E49CF8A1347}.Debug|Any CPU.Build.0 = Debug|Any CPU
		{8C258A85-A392-45EE-B16E-2E49CF8A1347}.Release|Any CPU.ActiveCfg = Release|Any CPU
		{8C258A85-A392-45EE-B16E-2E49CF8A1347}.Release|Any CPU.Build.0 = Release|Any CPU
		{F5B9649C-67F9-43D8-89EE-BE40791A4CEE}.Debug|Any CPU.ActiveCfg = Debug|Any CPU
		{F5B9649C-67F9-43D8-89EE-BE40791A4CEE}.Debug|Any CPU.Build.0 = Debug|Any CPU
		{F5B9649C-67F9-43D8-89EE-BE40791A4CEE}.Release|Any CPU.ActiveCfg = Release|Any CPU
		{F5B9649C-67F9-43D8-89EE-BE40791A4CEE}.Release|Any CPU.Build.0 = Release|Any CPU
		{ED632DDE-9F77-464C-8DAD-FC156A681B2F}.Debug|Any CPU.ActiveCfg = Debug|Any CPU
		{ED632DDE-9F77-464C-8DAD-FC156A681B2F}.Debug|Any CPU.Build.0 = Debug|Any CPU
		{ED632DDE-9F77-464C-8DAD-FC156A681B2F}.Release|Any CPU.ActiveCfg = Release|Any CPU
		{ED632DDE-9F77-464C-8DAD-FC156A681B2F}.Release|Any CPU.Build.0 = Release|Any CPU
		{97683AF6-B803-46C6-B6DC-24B9DB59BD94}.Debug|Any CPU.ActiveCfg = Debug|Any CPU
		{97683AF6-B803-46C6-B6DC-24B9DB59BD94}.Debug|Any CPU.Build.0 = Debug|Any CPU
		{97683AF6-B803-46C6-B6DC-24B9DB59BD94}.Release|Any CPU.ActiveCfg = Release|Any CPU
		{97683AF6-B803-46C6-B6DC-24B9DB59BD94}.Release|Any CPU.Build.0 = Release|Any CPU
		{338715C1-94E4-42E4-990E-76BEC459B46C}.Debug|Any CPU.ActiveCfg = Debug|Any CPU
		{338715C1-94E4-42E4-990E-76BEC459B46C}.Debug|Any CPU.Build.0 = Debug|Any CPU
		{338715C1-94E4-42E4-990E-76BEC459B46C}.Release|Any CPU.ActiveCfg = Release|Any CPU
		{338715C1-94E4-42E4-990E-76BEC459B46C}.Release|Any CPU.Build.0 = Release|Any CPU
	EndGlobalSection
	GlobalSection(SolutionProperties) = preSolution
		HideSolutionNode = FALSE
	EndGlobalSection
	GlobalSection(ExtensibilityGlobals) = postSolution
		SolutionGuid = {6B2FB407-5CEC-4523-B24F-C0AFF56EC55E}
	EndGlobalSection
EndGlobal
